
Microsoft Visual Studio Solution File, Format Version 12.00
# Visual Studio Version 16
VisualStudioVersion = 16.0.30114.105
MinimumVisualStudioVersion = 10.0.40219.1
Project("{FAE04EC0-301F-11D3-BF4B-00C04F79EFBC}") = "Car delearship", "Car delearship.csproj", "{2F32AE79-2051-4B77-8735-8CEC3693B7D9}"
EndProject
Global
	GlobalSection(SolutionConfigurationPlatforms) = preSolution
		Debug|Any CPU = Debug|Any CPU
		Release|Any CPU = Release|Any CPU
	EndGlobalSection
	GlobalSection(ProjectConfigurationPlatforms) = postSolution
		{2F32AE79-2051-4B77-8735-8CEC3693B7D9}.Debug|Any CPU.ActiveCfg = Debug|Any CPU
		{2F32AE79-2051-4B77-8735-8CEC3693B7D9}.Debug|Any CPU.Build.0 = Debug|Any CPU
		{2F32AE79-2051-4B77-8735-8CEC3693B7D9}.Release|Any CPU.ActiveCfg = Release|Any CPU
		{2F32AE79-2051-4B77-8735-8CEC3693B7D9}.Release|Any CPU.Build.0 = Release|Any CPU
	EndGlobalSection
	GlobalSection(SolutionProperties) = preSolution
		HideSolutionNode = FALSE
	EndGlobalSection
	GlobalSection(ExtensibilityGlobals) = postSolution
		SolutionGuid = {A05EB64A-ACCB-4C21-ABDA-26010326A99F}
	EndGlobalSection
EndGlobal
